
Microsoft Visual Studio Solution File, Format Version 12.00
# Visual Studio 15
VisualStudioVersion = 15.0.27004.2009
MinimumVisualStudioVersion = 10.0.40219.1
Project("{FAE04EC0-301F-11D3-BF4B-00C04F79EFBC}") = "Intergra.Opencar.Web", "Intergra.Opencar.Web\Intergra.Opencar.Web.csproj", "{19CE8E84-C219-4B71-AA5A-1C6A45958379}"
EndProject
Project("{FAE04EC0-301F-11D3-BF4B-00C04F79EFBC}") = "Integra.Opencart.Desktop", "Integra.Opencart.Desktop\Integra.Opencart.Desktop.csproj", "{B6B93896-EFFF-4192-9710-F2BB3B3C36F3}"
EndProject
Global
	GlobalSection(SolutionConfigurationPlatforms) = preSolution
		Debug|Any CPU = Debug|Any CPU
		Release|Any CPU = Release|Any CPU
	EndGlobalSection
	GlobalSection(ProjectConfigurationPlatforms) = postSolution
		{19CE8E84-C219-4B71-AA5A-1C6A45958379}.Debug|Any CPU.ActiveCfg = Debug|Any CPU
		{19CE8E84-C219-4B71-AA5A-1C6A45958379}.Debug|Any CPU.Build.0 = Debug|Any CPU
		{19CE8E84-C219-4B71-AA5A-1C6A45958379}.Release|Any CPU.ActiveCfg = Release|Any CPU
		{19CE8E84-C219-4B71-AA5A-1C6A45958379}.Release|Any CPU.Build.0 = Release|Any CPU
		{B6B93896-EFFF-4192-9710-F2BB3B3C36F3}.Debug|Any CPU.ActiveCfg = Debug|Any CPU
		{B6B93896-EFFF-4192-9710-F2BB3B3C36F3}.Debug|Any CPU.Build.0 = Debug|Any CPU
		{B6B93896-EFFF-4192-9710-F2BB3B3C36F3}.Release|Any CPU.ActiveCfg = Release|Any CPU
		{B6B93896-EFFF-4192-9710-F2BB3B3C36F3}.Release|Any CPU.Build.0 = Release|Any CPU
	EndGlobalSection
	GlobalSection(SolutionProperties) = preSolution
		HideSolutionNode = FALSE
	EndGlobalSection
	GlobalSection(ExtensibilityGlobals) = postSolution
		SolutionGuid = {593E63E6-8202-4A84-9BEE-F395423BB6C0}
	EndGlobalSection
EndGlobal
